
Microsoft Visual Studio Solution File, Format Version 12.00
# Visual Studio Version 17
VisualStudioVersion = 17.6.33723.286
MinimumVisualStudioVersion = 10.0.40219.1
Project("{FAE04EC0-301F-11D3-BF4B-00C04F79EFBC}") = "BoilerplateSession1", "BoilerplateSession1\BoilerplateSession1.csproj", "{5220330E-A47B-41AD-9D90-A647726BEA4A}"
EndProject
Global
	GlobalSection(SolutionConfigurationPlatforms) = preSolution
		Debug|Any CPU = Debug|Any CPU
		Release|Any CPU = Release|Any CPU
	EndGlobalSection
	GlobalSection(ProjectConfigurationPlatforms) = postSolution
		{5220330E-A47B-41AD-9D90-A647726BEA4A}.Debug|Any CPU.ActiveCfg = Debug|Any CPU
		{5220330E-A47B-41AD-9D90-A647726BEA4A}.Debug|Any CPU.Build.0 = Debug|Any CPU
		{5220330E-A47B-41AD-9D90-A647726BEA4A}.Release|Any CPU.ActiveCfg = Release|Any CPU
		{5220330E-A47B-41AD-9D90-A647726BEA4A}.Release|Any CPU.Build.0 = Release|Any CPU
	EndGlobalSection
	GlobalSection(SolutionProperties) = preSolution
		HideSolutionNode = FALSE
	EndGlobalSection
	GlobalSection(ExtensibilityGlobals) = postSolution
		SolutionGuid = {6CE39234-825C-4ECC-AC61-569DE41C4776}
	EndGlobalSection
EndGlobal
